
Microsoft Visual Studio Solution File, Format Version 12.00
# Visual Studio Version 17
VisualStudioVersion = 17.3.32804.467
MinimumVisualStudioVersion = 10.0.40219.1
Project("{FAE04EC0-301F-11D3-BF4B-00C04F79EFBC}") = "CaglarPeyzaj", "CaglarPeyzaj\CaglarPeyzaj.csproj", "{713742EC-14C7-4416-9E8C-D40B67206FC1}"
EndProject
Project("{FAE04EC0-301F-11D3-BF4B-00C04F79EFBC}") = "EntityLayer", "EntityLayer\EntityLayer.csproj", "{C818466A-F4A4-4F76-8E6E-C70A8B50228E}"
EndProject
Project("{FAE04EC0-301F-11D3-BF4B-00C04F79EFBC}") = "DataAccessLayer", "DataAccessLayer\DataAccessLayer.csproj", "{15DD50D0-33F3-4B63-A70B-1EA63733791D}"
EndProject
Project("{FAE04EC0-301F-11D3-BF4B-00C04F79EFBC}") = "BusinessLayer", "BusinessLayer\BusinessLayer.csproj", "{A2F3FD80-F796-44A1-8818-0A030296C613}"
EndProject
Global
	GlobalSection(SolutionConfigurationPlatforms) = preSolution
		Debug|Any CPU = Debug|Any CPU
		Release|Any CPU = Release|Any CPU
	EndGlobalSection
	GlobalSection(ProjectConfigurationPlatforms) = postSolution
		{713742EC-14C7-4416-9E8C-D40B67206FC1}.Debug|Any CPU.ActiveCfg = Debug|Any CPU
		{713742EC-14C7-4416-9E8C-D40B67206FC1}.Debug|Any CPU.Build.0 = Debug|Any CPU
		{713742EC-14C7-4416-9E8C-D40B67206FC1}.Release|Any CPU.ActiveCfg = Release|Any CPU
		{713742EC-14C7-4416-9E8C-D40B67206FC1}.Release|Any CPU.Build.0 = Release|Any CPU
		{C818466A-F4A4-4F76-8E6E-C70A8B50228E}.Debug|Any CPU.ActiveCfg = Debug|Any CPU
		{C818466A-F4A4-4F76-8E6E-C70A8B50228E}.Debug|Any CPU.Build.0 = Debug|Any CPU
		{C818466A-F4A4-4F76-8E6E-C70A8B50228E}.Release|Any CPU.ActiveCfg = Release|Any CPU
		{C818466A-F4A4-4F76-8E6E-C70A8B50228E}.Release|Any CPU.Build.0 = Release|Any CPU
		{15DD50D0-33F3-4B63-A70B-1EA63733791D}.Debug|Any CPU.ActiveCfg = Debug|Any CPU
		{15DD50D0-33F3-4B63-A70B-1EA63733791D}.Debug|Any CPU.Build.0 = Debug|Any CPU
		{15DD50D0-33F3-4B63-A70B-1EA63733791D}.Release|Any CPU.ActiveCfg = Release|Any CPU
		{15DD50D0-33F3-4B63-A70B-1EA63733791D}.Release|Any CPU.Build.0 = Release|Any CPU
		{A2F3FD80-F796-44A1-8818-0A030296C613}.Debug|Any CPU.ActiveCfg = Debug|Any CPU
		{A2F3FD80-F796-44A1-8818-0A030296C613}.Debug|Any CPU.Build.0 = Debug|Any CPU
		{A2F3FD80-F796-44A1-8818-0A030296C613}.Release|Any CPU.ActiveCfg = Release|Any CPU
		{A2F3FD80-F796-44A1-8818-0A030296C613}.Release|Any CPU.Build.0 = Release|Any CPU
	EndGlobalSection
	GlobalSection(SolutionProperties) = preSolution
		HideSolutionNode = FALSE
	EndGlobalSection
	GlobalSection(ExtensibilityGlobals) = postSolution
		SolutionGuid = {9DC09416-86D8-4A72-A575-CEE106F99686}
	EndGlobalSection
EndGlobal
